
Microsoft Visual Studio Solution File, Format Version 12.00
# Visual Studio Version 16
VisualStudioVersion = 16.0.29519.87
MinimumVisualStudioVersion = 10.0.40219.1
Project("{9A19103F-16F7-4668-BE54-9A1E7A4F7556}") = "WebAppCash", "WebAppCash.csproj", "{3E96128B-A21C-4CAD-B9A3-3B91CFFD2FDA}"
EndProject
Project("{FAE04EC0-301F-11D3-BF4B-00C04F79EFBC}") = "CashModel", "CashModel\CashModel.csproj", "{7DBFCEE6-C9B3-43AE-BC06-8025DBF60C9E}"
EndProject
Project("{FAE04EC0-301F-11D3-BF4B-00C04F79EFBC}") = "CashUI", "CashUI\CashUI.csproj", "{2B7F20AC-B3BC-44C9-BFC5-0A4E42839F7B}"
EndProject
Global
	GlobalSection(SolutionConfigurationPlatforms) = preSolution
		Debug|Any CPU = Debug|Any CPU
		Release|Any CPU = Release|Any CPU
	EndGlobalSection
	GlobalSection(ProjectConfigurationPlatforms) = postSolution
		{3E96128B-A21C-4CAD-B9A3-3B91CFFD2FDA}.Debug|Any CPU.ActiveCfg = Debug|Any CPU
		{3E96128B-A21C-4CAD-B9A3-3B91CFFD2FDA}.Debug|Any CPU.Build.0 = Debug|Any CPU
		{3E96128B-A21C-4CAD-B9A3-3B91CFFD2FDA}.Release|Any CPU.ActiveCfg = Release|Any CPU
		{3E96128B-A21C-4CAD-B9A3-3B91CFFD2FDA}.Release|Any CPU.Build.0 = Release|Any CPU
		{7DBFCEE6-C9B3-43AE-BC06-8025DBF60C9E}.Debug|Any CPU.ActiveCfg = Debug|Any CPU
		{7DBFCEE6-C9B3-43AE-BC06-8025DBF60C9E}.Debug|Any CPU.Build.0 = Debug|Any CPU
		{7DBFCEE6-C9B3-43AE-BC06-8025DBF60C9E}.Release|Any CPU.ActiveCfg = Release|Any CPU
		{7DBFCEE6-C9B3-43AE-BC06-8025DBF60C9E}.Release|Any CPU.Build.0 = Release|Any CPU
		{2B7F20AC-B3BC-44C9-BFC5-0A4E42839F7B}.Debug|Any CPU.ActiveCfg = Debug|Any CPU
		{2B7F20AC-B3BC-44C9-BFC5-0A4E42839F7B}.Debug|Any CPU.Build.0 = Debug|Any CPU
		{2B7F20AC-B3BC-44C9-BFC5-0A4E42839F7B}.Release|Any CPU.ActiveCfg = Release|Any CPU
		{2B7F20AC-B3BC-44C9-BFC5-0A4E42839F7B}.Release|Any CPU.Build.0 = Release|Any CPU
	EndGlobalSection
	GlobalSection(SolutionProperties) = preSolution
		HideSolutionNode = FALSE
	EndGlobalSection
	GlobalSection(ExtensibilityGlobals) = postSolution
		SolutionGuid = {63CC3196-4B4F-4522-AF49-D43B515BB223}
	EndGlobalSection
EndGlobal
